// !$*UTF8*$!
{
	archiveVersion = 1;
	classes = {
	};
	objectVersion = 55;
	objects = {

/* Begin PBXBuildFile section */
		9A64F2A127C7ED5800335E50 /* Pokedex_RealmApp.swift in Sources */ = {isa = PBXBuildFile; fileRef = 9A64F2A027C7ED5800335E50 /* Pokedex_RealmApp.swift */; };
		9A64F2A327C7ED5800335E50 /* ContentView.swift in Sources */ = {isa = PBXBuildFile; fileRef = 9A64F2A227C7ED5800335E50 /* ContentView.swift */; };
		9A64F2A527C7ED5D00335E50 /* Assets.xcassets in Resources */ = {isa = PBXBuildFile; fileRef = 9A64F2A427C7ED5D00335E50 /* Assets.xcassets */; };
		9A64F2A827C7ED5D00335E50 /* Preview Assets.xcassets in Resources */ = {isa = PBXBuildFile; fileRef = 9A64F2A727C7ED5D00335E50 /* Preview Assets.xcassets */; };
		9A64F2AF27C7EE0E00335E50 /* Pokemon.swift in Sources */ = {isa = PBXBuildFile; fileRef = 9A64F2AE27C7EE0E00335E50 /* Pokemon.swift */; };
		9A64F2B127C7EE3500335E50 /* PokeUrlStore.swift in Sources */ = {isa = PBXBuildFile; fileRef = 9A64F2B027C7EE3500335E50 /* PokeUrlStore.swift */; };
		9A64F2B427C7EE6800335E50 /* PokeVM.swift in Sources */ = {isa = PBXBuildFile; fileRef = 9A64F2B327C7EE6800335E50 /* PokeVM.swift */; };
		9A64F2B627C7EE9400335E50 /* PokeUrlVM.swift in Sources */ = {isa = PBXBuildFile; fileRef = 9A64F2B527C7EE9400335E50 /* PokeUrlVM.swift */; };
		9A64F2B927C7EEDB00335E50 /* ListRow.swift in Sources */ = {isa = PBXBuildFile; fileRef = 9A64F2B827C7EEDB00335E50 /* ListRow.swift */; };
/* End PBXBuildFile section */

/* Begin PBXFileReference section */
		9A64F29D27C7ED5800335E50 /* Pokedex Realm.app */ = {isa = PBXFileReference; explicitFileType = wrapper.application; includeInIndex = 0; path = "Pokedex Realm.app"; sourceTree = BUILT_PRODUCTS_DIR; };
		9A64F2A027C7ED5800335E50 /* Pokedex_RealmApp.swift */ = {isa = PBXFileReference; lastKnownFileType = sourcecode.swift; path = Pokedex_RealmApp.swift; sourceTree = "<group>"; };
		9A64F2A227C7ED5800335E50 /* ContentView.swift */ = {isa = PBXFileReference; lastKnownFileType = sourcecode.swift; path = ContentView.swift; sourceTree = "<group>"; };
		9A64F2A427C7ED5D00335E50 /* Assets.xcassets */ = {isa = PBXFileReference; lastKnownFileType = folder.assetcatalog; path = Assets.xcassets; sourceTree = "<group>"; };
		9A64F2A727C7ED5D00335E50 /* Preview Assets.xcassets */ = {isa = PBXFileReference; lastKnownFileType = folder.assetcatalog; path = "Preview Assets.xcassets"; sourceTree = "<group>"; };
		9A64F2AE27C7EE0E00335E50 /* Pokemon.swift */ = {isa = PBXFileReference; lastKnownFileType = sourcecode.swift; path = Pokemon.swift; sourceTree = "<group>"; };
		9A64F2B027C7EE3500335E50 /* PokeUrlStore.swift */ = {isa = PBXFileReference; lastKnownFileType = sourcecode.swift; path = PokeUrlStore.swift; sourceTree = "<group>"; };
		9A64F2B327C7EE6800335E50 /* PokeVM.swift */ = {isa = PBXFileReference; lastKnownFileType = sourcecode.swift; path = PokeVM.swift; sourceTree = "<group>"; };
		9A64F2B527C7EE9400335E50 /* PokeUrlVM.swift */ = {isa = PBXFileReference; lastKnownFileType = sourcecode.swift; path = PokeUrlVM.swift; sourceTree = "<group>"; };
		9A64F2B827C7EEDB00335E50 /* ListRow.swift */ = {isa = PBXFileReference; lastKnownFileType = sourcecode.swift; path = ListRow.swift; sourceTree = "<group>"; };
/* End PBXFileReference section */

/* Begin PBXFrameworksBuildPhase section */
		9A64F29A27C7ED5800335E50 /* Frameworks */ = {
			isa = PBXFrameworksBuildPhase;
			buildActionMask = 2147483647;
			files = (
			);
			runOnlyForDeploymentPostprocessing = 0;
		};
/* End PBXFrameworksBuildPhase section */

/* Begin PBXGroup section */
		9A64F29427C7ED5800335E50 = {
			isa = PBXGroup;
			children = (
				9A64F29F27C7ED5800335E50 /* Pokedex Realm */,
				9A64F29E27C7ED5800335E50 /* Products */,
			);
			sourceTree = "<group>";
		};
		9A64F29E27C7ED5800335E50 /* Products */ = {
			isa = PBXGroup;
			children = (
				9A64F29D27C7ED5800335E50 /* Pokedex Realm.app */,
			);
			name = Products;
			sourceTree = "<group>";
		};
		9A64F29F27C7ED5800335E50 /* Pokedex Realm */ = {
			isa = PBXGroup;
			children = (
				9A64F2A027C7ED5800335E50 /* Pokedex_RealmApp.swift */,
				9A64F2B227C7EE3A00335E50 /* Models */,
				9A64F2B727C7EEAB00335E50 /* ViewModels */,
				9A64F2BA27C7F8E600335E50 /* Views */,
				9A64F2A427C7ED5D00335E50 /* Assets.xcassets */,
				9A64F2A627C7ED5D00335E50 /* Preview Content */,
			);
			path = "Pokedex Realm";
			sourceTree = "<group>";
		};
		9A64F2A627C7ED5D00335E50 /* Preview Content */ = {
			isa = PBXGroup;
			children = (
				9A64F2A727C7ED5D00335E50 /* Preview Assets.xcassets */,
			);
			path = "Preview Content";
			sourceTree = "<group>";
		};
		9A64F2B227C7EE3A00335E50 /* Models */ = {
			isa = PBXGroup;
			children = (
				9A64F2AE27C7EE0E00335E50 /* Pokemon.swift */,
				9A64F2B027C7EE3500335E50 /* PokeUrlStore.swift */,
			);
			path = Models;
			sourceTree = "<group>";
		};
		9A64F2B727C7EEAB00335E50 /* ViewModels */ = {
			isa = PBXGroup;
			children = (
				9A64F2B327C7EE6800335E50 /* PokeVM.swift */,
				9A64F2B527C7EE9400335E50 /* PokeUrlVM.swift */,
			);
			path = ViewModels;
			sourceTree = "<group>";
		};
		9A64F2BA27C7F8E600335E50 /* Views */ = {
			isa = PBXGroup;
			children = (
				9A64F2A227C7ED5800335E50 /* ContentView.swift */,
				9A64F2B827C7EEDB00335E50 /* ListRow.swift */,
			);
			path = Views;
			sourceTree = "<group>";
		};
/* End PBXGroup section */

/* Begin PBXNativeTarget section */
		9A64F29C27C7ED5800335E50 /* Pokedex Realm */ = {
			isa = PBXNativeTarget;
			buildConfigurationList = 9A64F2AB27C7ED5D00335E50 /* Build configuration list for PBXNativeTarget "Pokedex Realm" */;
			buildPhases = (
				9A64F29927C7ED5800335E50 /* Sources */,
				9A64F29A27C7ED5800335E50 /* Frameworks */,
				9A64F29B27C7ED5800335E50 /* Resources */,
			);
			buildRules = (
			);
			dependencies = (
			);
			name = "Pokedex Realm";
			productName = "Pokedex Realm";
			productReference = 9A64F29D27C7ED5800335E50 /* Pokedex Realm.app */;
			productType = "com.apple.product-type.application";
		};
/* End PBXNativeTarget section */

/* Begin PBXProject section */
		9A64F29527C7ED5800335E50 /* Project object */ = {
			isa = PBXProject;
			attributes = {
				BuildIndependentTargetsInParallel = 1;
				LastSwiftUpdateCheck = 1320;
				LastUpgradeCheck = 1320;
				TargetAttributes = {
					9A64F29C27C7ED5800335E50 = {
						CreatedOnToolsVersion = 13.2.1;
					};
				};
			};
			buildConfigurationList = 9A64F29827C7ED5800335E50 /* Build configuration list for PBXProject "Pokedex Realm" */;
			compatibilityVersion = "Xcode 13.0";
			developmentRegion = en;
			hasScannedForEncodings = 0;
			knownRegions = (
				en,
				Base,
			);
			mainGroup = 9A64F29427C7ED5800335E50;
			productRefGroup = 9A64F29E27C7ED5800335E50 /* Products */;
			projectDirPath = "";
			projectRoot = "";
			targets = (
				9A64F29C27C7ED5800335E50 /* Pokedex Realm */,
			);
		};
/* End PBXProject section */

/* Begin PBXResourcesBuildPhase section */
		9A64F29B27C7ED5800335E50 /* Resources */ = {
			isa = PBXResourcesBuildPhase;
			buildActionMask = 2147483647;
			files = (
				9A64F2A827C7ED5D00335E50 /* Preview Assets.xcassets in Resources */,
				9A64F2A527C7ED5D00335E50 /* Assets.xcassets in Resources */,
			);
			runOnlyForDeploymentPostprocessing = 0;
		};
/* End PBXResourcesBuildPhase section */

/* Begin PBXSourcesBuildPhase section */
		9A64F29927C7ED5800335E50 /* Sources */ = {
			isa = PBXSourcesBuildPhase;
			buildActionMask = 2147483647;
			files = (
				9A64F2B427C7EE6800335E50 /* PokeVM.swift in Sources */,
				9A64F2B627C7EE9400335E50 /* PokeUrlVM.swift in Sources */,
				9A64F2B127C7EE3500335E50 /* PokeUrlStore.swift in Sources */,
				9A64F2A327C7ED5800335E50 /* ContentView.swift in Sources */,
				9A64F2A127C7ED5800335E50 /* Pokedex_RealmApp.swift in Sources */,
				9A64F2B927C7EEDB00335E50 /* ListRow.swift in Sources */,
				9A64F2AF27C7EE0E00335E50 /* Pokemon.swift in Sources */,
			);
			runOnlyForDeploymentPostprocessing = 0;
		};
/* End PBXSourcesBuildPhase section */

/* Begin XCBuildConfiguration section */
		9A64F2A927C7ED5D00335E50 /* Debug */ = {
			isa = XCBuildConfiguration;
			buildSettings = {
				ALWAYS_SEARCH_USER_PATHS = NO;
				CLANG_ANALYZER_NONNULL = YES;
				CLANG_ANALYZER_NUMBER_OBJECT_CONVERSION = YES_AGGRESSIVE;
				CLANG_CXX_LANGUAGE_STANDARD = "gnu++17";
				CLANG_CXX_LIBRARY = "libc++";
				CLANG_ENABLE_MODULES = YES;
				CLANG_ENABLE_OBJC_ARC = YES;
				CLANG_ENABLE_OBJC_WEAK = YES;
				CLANG_WARN_BLOCK_CAPTURE_AUTORELEASING = YES;
				CLANG_WARN_BOOL_CONVERSION = YES;
				CLANG_WARN_COMMA = YES;
				CLANG_WARN_CONSTANT_CONVERSION = YES;
				CLANG_WARN_DEPRECATED_OBJC_IMPLEMENTATIONS = YES;
				CLANG_WARN_DIRECT_OBJC_ISA_USAGE = YES_ERROR;
				CLANG_WARN_DOCUMENTATION_COMMENTS = YES;
				CLANG_WARN_EMPTY_BODY = YES;
				CLANG_WARN_ENUM_CONVERSION = YES;
				CLANG_WARN_INFINITE_RECURSION = YES;
				CLANG_WARN_INT_CONVERSION = YES;
				CLANG_WARN_NON_LITERAL_NULL_CONVERSION = YES;
				CLANG_WARN_OBJC_IMPLICIT_RETAIN_SELF = YES;
				CLANG_WARN_OBJC_LITERAL_CONVERSION = YES;
				CLANG_WARN_OBJC_ROOT_CLASS = YES_ERROR;
				CLANG_WARN_QUOTED_INCLUDE_IN_FRAMEWORK_HEADER = YES;
				CLANG_WARN_RANGE_LOOP_ANALYSIS = YES;
				CLANG_WARN_STRICT_PROTOTYPES = YES;
				CLANG_WARN_SUSPICIOUS_MOVE = YES;
				CLANG_WARN_UNGUARDED_AVAILABILITY = YES_AGGRESSIVE;
				CLANG_WARN_UNREACHABLE_CODE = YES;
				CLANG_WARN__DUPLICATE_METHOD_MATCH = YES;
				COPY_PHASE_STRIP = NO;
				DEBUG_INFORMATION_FORMAT = dwarf;
				ENABLE_STRICT_OBJC_MSGSEND = YES;
				ENABLE_TESTABILITY = YES;
				GCC_C_LANGUAGE_STANDARD = gnu11;
				GCC_DYNAMIC_NO_PIC = NO;
				GCC_NO_COMMON_BLOCKS = YES;
				GCC_OPTIMIZATION_LEVEL = 0;
				GCC_PREPROCESSOR_DEFINITIONS = (
					"DEBUG=1",
					"$(inherited)",
				);
				GCC_WARN_64_TO_32_BIT_CONVERSION = YES;
				GCC_WARN_ABOUT_RETURN_TYPE = YES_ERROR;
				GCC_WARN_UNDECLARED_SELECTOR = YES;
				GCC_WARN_UNINITIALIZED_AUTOS = YES_AGGRESSIVE;
				GCC_WARN_UNUSED_FUNCTION = YES;
				GCC_WARN_UNUSED_VARIABLE = YES;
				IPHONEOS_DEPLOYMENT_TARGET = 15.2;
				MTL_ENABLE_DEBUG_INFO = INCLUDE_SOURCE;
				MTL_FAST_MATH = YES;
				ONLY_ACTIVE_ARCH = YES;
				SDKROOT = iphoneos;
				SWIFT_ACTIVE_COMPILATION_CONDITIONS = DEBUG;
				SWIFT_OPTIMIZATION_LEVEL = "-Onone";
			};
			name = Debug;
		};
		9A64F2AA27C7ED5D00335E50 /* Release */ = {
			isa = XCBuildConfiguration;
			buildSettings = {
				ALWAYS_SEARCH_USER_PATHS = NO;
				CLANG_ANALYZER_NONNULL = YES;
				CLANG_ANALYZER_NUMBER_OBJECT_CONVERSION = YES_AGGRESSIVE;
				CLANG_CXX_LANGUAGE_STANDARD = "gnu++17";
				CLANG_CXX_LIBRARY = "libc++";
				CLANG_ENABLE_MODULES = YES;
				CLANG_ENABLE_OBJC_ARC = YES;
				CLANG_ENABLE_OBJC_WEAK = YES;
				CLANG_WARN_BLOCK_CAPTURE_AUTORELEASING = YES;
				CLANG_WARN_BOOL_CONVERSION = YES;
				CLANG_WARN_COMMA = YES;
				CLANG_WARN_CONSTANT_CONVERSION = YES;
				CLANG_WARN_DEPRECATED_OBJC_IMPLEMENTATIONS = YES;
				CLANG_WARN_DIRECT_OBJC_ISA_USAGE = YES_ERROR;
				CLANG_WARN_DOCUMENTATION_COMMENTS = YES;
				CLANG_WARN_EMPTY_BODY = YES;
				CLANG_WARN_ENUM_CONVERSION = YES;
				CLANG_WARN_INFINITE_RECURSION = YES;
				CLANG_WARN_INT_CONVERSION = YES;
				CLANG_WARN_NON_LITERAL_NULL_CONVERSION = YES;
				CLANG_WARN_OBJC_IMPLICIT_RETAIN_SELF = YES;
				CLANG_WARN_OBJC_LITERAL_CONVERSION = YES;
				CLANG_WARN_OBJC_ROOT_CLASS = YES_ERROR;
				CLANG_WARN_QUOTED_INCLUDE_IN_FRAMEWORK_HEADER = YES;
				CLANG_WARN_RANGE_LOOP_ANALYSIS = YES;
				CLANG_WARN_STRICT_PROTOTYPES = YES;
				CLANG_WARN_SUSPICIOUS_MOVE = YES;
				CLANG_WARN_UNGUARDED_AVAILABILITY = YES_AGGRESSIVE;
				CLANG_WARN_UNREACHABLE_CODE = YES;
				CLANG_WARN__DUPLICATE_METHOD_MATCH = YES;
				COPY_PHASE_STRIP = NO;
				DEBUG_INFORMATION_FORMAT = "dwarf-with-dsym";
				ENABLE_NS_ASSERTIONS = NO;
				ENABLE_STRICT_OBJC_MSGSEND = YES;
				GCC_C_LANGUAGE_STANDARD = gnu11;
				GCC_NO_COMMON_BLOCKS = YES;
				GCC_WARN_64_TO_32_BIT_CONVERSION = YES;
				GCC_WARN_ABOUT_RETURN_TYPE = YES_ERROR;
				GCC_WARN_UNDECLARED_SELECTOR = YES;
				GCC_WARN_UNINITIALIZED_AUTOS = YES_AGGRESSIVE;
				GCC_WARN_UNUSED_FUNCTION = YES;
				GCC_WARN_UNUSED_VARIABLE = YES;
				IPHONEOS_DEPLOYMENT_TARGET = 15.2;
				MTL_ENABLE_DEBUG_INFO = NO;
				MTL_FAST_MATH = YES;
				SDKROOT = iphoneos;
				SWIFT_COMPILATION_MODE = wholemodule;
				SWIFT_OPTIMIZATION_LEVEL = "-O";
				VALIDATE_PRODUCT = YES;
			};
			name = Release;
		};
		9A64F2AC27C7ED5D00335E50 /* Debug */ = {
			isa = XCBuildConfiguration;
			buildSettings = {
				ASSETCATALOG_COMPILER_APPICON_NAME = AppIcon;
				ASSETCATALOG_COMPILER_GLOBAL_ACCENT_COLOR_NAME = AccentColor;
				CODE_SIGN_STYLE = Automatic;
				CURRENT_PROJECT_VERSION = 1;
				DEVELOPMENT_ASSET_PATHS = "\"Pokedex Realm/Preview Content\"";
				DEVELOPMENT_TEAM = 48J67Q2762;
				ENABLE_PREVIEWS = YES;
				GENERATE_INFOPLIST_FILE = YES;
				INFOPLIST_KEY_UIApplicationSceneManifest_Generation = YES;
				INFOPLIST_KEY_UIApplicationSupportsIndirectInputEvents = YES;
				INFOPLIST_KEY_UILaunchScreen_Generation = YES;
				INFOPLIST_KEY_UISupportedInterfaceOrientations_iPad = "UIInterfaceOrientationPortrait UIInterfaceOrientationPortraitUpsideDown UIInterfaceOrientationLandscapeLeft UIInterfaceOrientationLandscapeRight";
				INFOPLIST_KEY_UISupportedInterfaceOrientations_iPhone = "UIInterfaceOrientationPortrait UIInterfaceOrientationLandscapeLeft UIInterfaceOrientationLandscapeRight";
				LD_RUNPATH_SEARCH_PATHS = (
					"$(inherited)",
					"@executable_path/Frameworks",
				);
				MARKETING_VERSION = 1.0;
				PRODUCT_BUNDLE_IDENTIFIER = "zhuyu.project.Pokedex-Realm";
				PRODUCT_NAME = "$(TARGET_NAME)";
				SWIFT_EMIT_LOC_STRINGS = YES;
				SWIFT_VERSION = 5.0;
				TARGETED_DEVICE_FAMILY = "1,2";
			};
			name = Debug;
		};
		9A64F2AD27C7ED5D00335E50 /* Release */ = {
			isa = XCBuildConfiguration;
			buildSettings = {
				ASSETCATALOG_COMPILER_APPICON_NAME = AppIcon;
				ASSETCATALOG_COMPILER_GLOBAL_ACCENT_COLOR_NAME = AccentColor;
				CODE_SIGN_STYLE = Automatic;
				CURRENT_PROJECT_VERSION = 1;
				DEVELOPMENT_ASSET_PATHS = "\"Pokedex Realm/Preview Content\"";
				DEVELOPMENT_TEAM = 48J67Q2762;
				ENABLE_PREVIEWS = YES;
				GENERATE_INFOPLIST_FILE = YES;
				INFOPLIST_KEY_UIApplicationSceneManifest_Generation = YES;
				INFOPLIST_KEY_UIApplicationSupportsIndirectInputEvents = YES;
				INFOPLIST_KEY_UILaunchScreen_Generation = YES;
				INFOPLIST_KEY_UISupportedInterfaceOrientations_iPad = "UIInterfaceOrientationPortrait UIInterfaceOrientationPortraitUpsideDown UIInterfaceOrientationLandscapeLeft UIInterfaceOrientationLandscapeRight";
				INFOPLIST_KEY_UISupportedInterfaceOrientations_iPhone = "UIInterfaceOrientationPortrait UIInterfaceOrientationLandscapeLeft UIInterfaceOrientationLandscapeRight";
				LD_RUNPATH_SEARCH_PATHS = (
					"$(inherited)",
					"@executable_path/Frameworks",
				);
				MARKETING_VERSION = 1.0;
				PRODUCT_BUNDLE_IDENTIFIER = "zhuyu.project.Pokedex-Realm";
				PRODUCT_NAME = "$(TARGET_NAME)";
				SWIFT_EMIT_LOC_STRINGS = YES;
				SWIFT_VERSION = 5.0;
				TARGETED_DEVICE_FAMILY = "1,2";
			};
			name = Release;
		};
/* End XCBuildConfiguration section */

/* Begin XCConfigurationList section */
		9A64F29827C7ED5800335E50 /* Build configuration list for PBXProject "Pokedex Realm" */ = {
			isa = XCConfigurationList;
			buildConfigurations = (
				9A64F2A927C7ED5D00335E50 /* Debug */,
				9A64F2AA27C7ED5D00335E50 /* Release */,
			);
			defaultConfigurationIsVisible = 0;
			defaultConfigurationName = Release;
		};
		9A64F2AB27C7ED5D00335E50 /* Build configuration list for PBXNativeTarget "Pokedex Realm" */ = {
			isa = XCConfigurationList;
			buildConfigurations = (
				9A64F2AC27C7ED5D00335E50 /* Debug */,
				9A64F2AD27C7ED5D00335E50 /* Release */,
			);
			defaultConfigurationIsVisible = 0;
			defaultConfigurationName = Release;
		};
/* End XCConfigurationList section */
	};
	rootObject = 9A64F29527C7ED5800335E50 /* Project object */;
}
