// !$*UTF8*$!
{
	archiveVersion = 1;
	classes = {
	};
	objectVersion = 55;
	objects = {

/* Begin PBXBuildFile section */
		9A3838EC2801F383006A3A60 /* SongImg.swift in Sources */ = {isa = PBXBuildFile; fileRef = 9A3838EB2801F383006A3A60 /* SongImg.swift */; };
		9A3838F128034623006A3A60 /* ListRow.swift in Sources */ = {isa = PBXBuildFile; fileRef = 9A3838F028034623006A3A60 /* ListRow.swift */; };
		9A3838F32803488F006A3A60 /* SongDetailView.swift in Sources */ = {isa = PBXBuildFile; fileRef = 9A3838F22803488F006A3A60 /* SongDetailView.swift */; };
		9A3838F528034E3F006A3A60 /* StringExt.swift in Sources */ = {isa = PBXBuildFile; fileRef = 9A3838F428034E3F006A3A60 /* StringExt.swift */; };
		9A6B48B628490AC2009250E4 /* SongDetailVM.swift in Sources */ = {isa = PBXBuildFile; fileRef = 9A6B48B528490AC2009250E4 /* SongDetailVM.swift */; };
		9A8FB7E327F0C194003EA35F /* SongApp.swift in Sources */ = {isa = PBXBuildFile; fileRef = 9A8FB7E227F0C194003EA35F /* SongApp.swift */; };
		9A8FB7E527F0C194003EA35F /* ContentView.swift in Sources */ = {isa = PBXBuildFile; fileRef = 9A8FB7E427F0C194003EA35F /* ContentView.swift */; };
		9A8FB7E727F0C199003EA35F /* Assets.xcassets in Resources */ = {isa = PBXBuildFile; fileRef = 9A8FB7E627F0C199003EA35F /* Assets.xcassets */; };
		9A8FB7EA27F0C199003EA35F /* Preview Assets.xcassets in Resources */ = {isa = PBXBuildFile; fileRef = 9A8FB7E927F0C199003EA35F /* Preview Assets.xcassets */; };
		9AA3B01227FF3F7600FB0F25 /* Search.swift in Sources */ = {isa = PBXBuildFile; fileRef = 9AA3B01127FF3F7600FB0F25 /* Search.swift */; };
		9AA3B01527FF4D8100FB0F25 /* SongVM.swift in Sources */ = {isa = PBXBuildFile; fileRef = 9AA3B01427FF4D8100FB0F25 /* SongVM.swift */; };
		9AA3B01927FF540A00FB0F25 /* RemoteSongDataSource.swift in Sources */ = {isa = PBXBuildFile; fileRef = 9AA3B01827FF540A00FB0F25 /* RemoteSongDataSource.swift */; };
		9AA3B01C27FF583C00FB0F25 /* SongRepository.swift in Sources */ = {isa = PBXBuildFile; fileRef = 9AA3B01B27FF583C00FB0F25 /* SongRepository.swift */; };
		9AA3B01F2800844D00FB0F25 /* UrlExt.swift in Sources */ = {isa = PBXBuildFile; fileRef = 9AA3B01E2800844D00FB0F25 /* UrlExt.swift */; };
/* End PBXBuildFile section */

/* Begin PBXFileReference section */
		9A3838EB2801F383006A3A60 /* SongImg.swift */ = {isa = PBXFileReference; lastKnownFileType = sourcecode.swift; path = SongImg.swift; sourceTree = "<group>"; };
		9A3838F028034623006A3A60 /* ListRow.swift */ = {isa = PBXFileReference; lastKnownFileType = sourcecode.swift; path = ListRow.swift; sourceTree = "<group>"; };
		9A3838F22803488F006A3A60 /* SongDetailView.swift */ = {isa = PBXFileReference; lastKnownFileType = sourcecode.swift; path = SongDetailView.swift; sourceTree = "<group>"; };
		9A3838F428034E3F006A3A60 /* StringExt.swift */ = {isa = PBXFileReference; lastKnownFileType = sourcecode.swift; path = StringExt.swift; sourceTree = "<group>"; };
		9A6B48B528490AC2009250E4 /* SongDetailVM.swift */ = {isa = PBXFileReference; lastKnownFileType = sourcecode.swift; path = SongDetailVM.swift; sourceTree = "<group>"; };
		9A8FB7DF27F0C194003EA35F /* Song.app */ = {isa = PBXFileReference; explicitFileType = wrapper.application; includeInIndex = 0; path = Song.app; sourceTree = BUILT_PRODUCTS_DIR; };
		9A8FB7E227F0C194003EA35F /* SongApp.swift */ = {isa = PBXFileReference; lastKnownFileType = sourcecode.swift; path = SongApp.swift; sourceTree = "<group>"; };
		9A8FB7E427F0C194003EA35F /* ContentView.swift */ = {isa = PBXFileReference; lastKnownFileType = sourcecode.swift; path = ContentView.swift; sourceTree = "<group>"; };
		9A8FB7E627F0C199003EA35F /* Assets.xcassets */ = {isa = PBXFileReference; lastKnownFileType = folder.assetcatalog; path = Assets.xcassets; sourceTree = "<group>"; };
		9A8FB7E927F0C199003EA35F /* Preview Assets.xcassets */ = {isa = PBXFileReference; lastKnownFileType = folder.assetcatalog; path = "Preview Assets.xcassets"; sourceTree = "<group>"; };
		9AA3B01127FF3F7600FB0F25 /* Search.swift */ = {isa = PBXFileReference; lastKnownFileType = sourcecode.swift; path = Search.swift; sourceTree = "<group>"; };
		9AA3B01427FF4D8100FB0F25 /* SongVM.swift */ = {isa = PBXFileReference; lastKnownFileType = sourcecode.swift; path = SongVM.swift; sourceTree = "<group>"; };
		9AA3B01827FF540A00FB0F25 /* RemoteSongDataSource.swift */ = {isa = PBXFileReference; lastKnownFileType = sourcecode.swift; path = RemoteSongDataSource.swift; sourceTree = "<group>"; };
		9AA3B01B27FF583C00FB0F25 /* SongRepository.swift */ = {isa = PBXFileReference; lastKnownFileType = sourcecode.swift; path = SongRepository.swift; sourceTree = "<group>"; };
		9AA3B01E2800844D00FB0F25 /* UrlExt.swift */ = {isa = PBXFileReference; lastKnownFileType = sourcecode.swift; path = UrlExt.swift; sourceTree = "<group>"; };
		9AE5748F2832A1EE00836FDA /* Info.plist */ = {isa = PBXFileReference; lastKnownFileType = text.plist.xml; name = Info.plist; path = Song/Info.plist; sourceTree = SOURCE_ROOT; };
/* End PBXFileReference section */

/* Begin PBXFrameworksBuildPhase section */
		9A8FB7DC27F0C194003EA35F /* Frameworks */ = {
			isa = PBXFrameworksBuildPhase;
			buildActionMask = 2147483647;
			files = (
			);
			runOnlyForDeploymentPostprocessing = 0;
		};
/* End PBXFrameworksBuildPhase section */

/* Begin PBXGroup section */
		9A3838ED280345FA006A3A60 /* Components */ = {
			isa = PBXGroup;
			children = (
				9A3838EB2801F383006A3A60 /* SongImg.swift */,
				9A3838F028034623006A3A60 /* ListRow.swift */,
			);
			path = Components;
			sourceTree = "<group>";
		};
		9A8FB7D627F0C194003EA35F = {
			isa = PBXGroup;
			children = (
				9A8FB7E127F0C194003EA35F /* Song */,
				9A8FB7E027F0C194003EA35F /* Products */,
			);
			sourceTree = "<group>";
		};
		9A8FB7E027F0C194003EA35F /* Products */ = {
			isa = PBXGroup;
			children = (
				9A8FB7DF27F0C194003EA35F /* Song.app */,
			);
			name = Products;
			sourceTree = "<group>";
		};
		9A8FB7E127F0C194003EA35F /* Song */ = {
			isa = PBXGroup;
			children = (
				9AE5748F2832A1EE00836FDA /* Info.plist */,
				9A8FB7E227F0C194003EA35F /* SongApp.swift */,
				9AA3B0202800845400FB0F25 /* Extensions */,
				9AA3B01D27FF584500FB0F25 /* Repository */,
				9AA3B01A27FF541200FB0F25 /* RemoteDataSource */,
				9AA3B01327FF3F7C00FB0F25 /* Model */,
				9AA3B01727FF4F6900FB0F25 /* View */,
				9AA3B01627FF4D8D00FB0F25 /* ViewModel */,
				9A8FB7E627F0C199003EA35F /* Assets.xcassets */,
				9A8FB7E827F0C199003EA35F /* Preview Content */,
			);
			path = Song;
			sourceTree = "<group>";
		};
		9A8FB7E827F0C199003EA35F /* Preview Content */ = {
			isa = PBXGroup;
			children = (
				9A8FB7E927F0C199003EA35F /* Preview Assets.xcassets */,
			);
			path = "Preview Content";
			sourceTree = "<group>";
		};
		9AA3B01327FF3F7C00FB0F25 /* Model */ = {
			isa = PBXGroup;
			children = (
				9AA3B01127FF3F7600FB0F25 /* Search.swift */,
			);
			path = Model;
			sourceTree = "<group>";
		};
		9AA3B01627FF4D8D00FB0F25 /* ViewModel */ = {
			isa = PBXGroup;
			children = (
				9AA3B01427FF4D8100FB0F25 /* SongVM.swift */,
				9A6B48B528490AC2009250E4 /* SongDetailVM.swift */,
			);
			path = ViewModel;
			sourceTree = "<group>";
		};
		9AA3B01727FF4F6900FB0F25 /* View */ = {
			isa = PBXGroup;
			children = (
				9A3838ED280345FA006A3A60 /* Components */,
				9A8FB7E427F0C194003EA35F /* ContentView.swift */,
				9A3838F22803488F006A3A60 /* SongDetailView.swift */,
			);
			path = View;
			sourceTree = "<group>";
		};
		9AA3B01A27FF541200FB0F25 /* RemoteDataSource */ = {
			isa = PBXGroup;
			children = (
				9AA3B01827FF540A00FB0F25 /* RemoteSongDataSource.swift */,
			);
			path = RemoteDataSource;
			sourceTree = "<group>";
		};
		9AA3B01D27FF584500FB0F25 /* Repository */ = {
			isa = PBXGroup;
			children = (
				9AA3B01B27FF583C00FB0F25 /* SongRepository.swift */,
			);
			path = Repository;
			sourceTree = "<group>";
		};
		9AA3B0202800845400FB0F25 /* Extensions */ = {
			isa = PBXGroup;
			children = (
				9AA3B01E2800844D00FB0F25 /* UrlExt.swift */,
				9A3838F428034E3F006A3A60 /* StringExt.swift */,
			);
			path = Extensions;
			sourceTree = "<group>";
		};
/* End PBXGroup section */

/* Begin PBXNativeTarget section */
		9A8FB7DE27F0C194003EA35F /* Song */ = {
			isa = PBXNativeTarget;
			buildConfigurationList = 9A8FB7ED27F0C199003EA35F /* Build configuration list for PBXNativeTarget "Song" */;
			buildPhases = (
				9A8FB7DB27F0C194003EA35F /* Sources */,
				9A8FB7DC27F0C194003EA35F /* Frameworks */,
				9A8FB7DD27F0C194003EA35F /* Resources */,
			);
			buildRules = (
			);
			dependencies = (
			);
			name = Song;
			productName = Song;
			productReference = 9A8FB7DF27F0C194003EA35F /* Song.app */;
			productType = "com.apple.product-type.application";
		};
/* End PBXNativeTarget section */

/* Begin PBXProject section */
		9A8FB7D727F0C194003EA35F /* Project object */ = {
			isa = PBXProject;
			attributes = {
				BuildIndependentTargetsInParallel = 1;
				LastSwiftUpdateCheck = 1330;
				LastUpgradeCheck = 1330;
				TargetAttributes = {
					9A8FB7DE27F0C194003EA35F = {
						CreatedOnToolsVersion = 13.3;
					};
				};
			};
			buildConfigurationList = 9A8FB7DA27F0C194003EA35F /* Build configuration list for PBXProject "Song" */;
			compatibilityVersion = "Xcode 13.0";
			developmentRegion = en;
			hasScannedForEncodings = 0;
			knownRegions = (
				en,
				Base,
			);
			mainGroup = 9A8FB7D627F0C194003EA35F;
			productRefGroup = 9A8FB7E027F0C194003EA35F /* Products */;
			projectDirPath = "";
			projectRoot = "";
			targets = (
				9A8FB7DE27F0C194003EA35F /* Song */,
			);
		};
/* End PBXProject section */

/* Begin PBXResourcesBuildPhase section */
		9A8FB7DD27F0C194003EA35F /* Resources */ = {
			isa = PBXResourcesBuildPhase;
			buildActionMask = 2147483647;
			files = (
				9A8FB7EA27F0C199003EA35F /* Preview Assets.xcassets in Resources */,
				9A8FB7E727F0C199003EA35F /* Assets.xcassets in Resources */,
			);
			runOnlyForDeploymentPostprocessing = 0;
		};
/* End PBXResourcesBuildPhase section */

/* Begin PBXSourcesBuildPhase section */
		9A8FB7DB27F0C194003EA35F /* Sources */ = {
			isa = PBXSourcesBuildPhase;
			buildActionMask = 2147483647;
			files = (
				9AA3B01F2800844D00FB0F25 /* UrlExt.swift in Sources */,
				9A3838F528034E3F006A3A60 /* StringExt.swift in Sources */,
				9AA3B01227FF3F7600FB0F25 /* Search.swift in Sources */,
				9AA3B01527FF4D8100FB0F25 /* SongVM.swift in Sources */,
				9AA3B01C27FF583C00FB0F25 /* SongRepository.swift in Sources */,
				9A3838EC2801F383006A3A60 /* SongImg.swift in Sources */,
				9A3838F32803488F006A3A60 /* SongDetailView.swift in Sources */,
				9A8FB7E527F0C194003EA35F /* ContentView.swift in Sources */,
				9AA3B01927FF540A00FB0F25 /* RemoteSongDataSource.swift in Sources */,
				9A8FB7E327F0C194003EA35F /* SongApp.swift in Sources */,
				9A6B48B628490AC2009250E4 /* SongDetailVM.swift in Sources */,
				9A3838F128034623006A3A60 /* ListRow.swift in Sources */,
			);
			runOnlyForDeploymentPostprocessing = 0;
		};
/* End PBXSourcesBuildPhase section */

/* Begin XCBuildConfiguration section */
		9A8FB7EB27F0C199003EA35F /* Debug */ = {
			isa = XCBuildConfiguration;
			buildSettings = {
				ALWAYS_SEARCH_USER_PATHS = NO;
				CLANG_ANALYZER_NONNULL = YES;
				CLANG_ANALYZER_NUMBER_OBJECT_CONVERSION = YES_AGGRESSIVE;
				CLANG_CXX_LANGUAGE_STANDARD = "gnu++17";
				CLANG_ENABLE_MODULES = YES;
				CLANG_ENABLE_OBJC_ARC = YES;
				CLANG_ENABLE_OBJC_WEAK = YES;
				CLANG_WARN_BLOCK_CAPTURE_AUTORELEASING = YES;
				CLANG_WARN_BOOL_CONVERSION = YES;
				CLANG_WARN_COMMA = YES;
				CLANG_WARN_CONSTANT_CONVERSION = YES;
				CLANG_WARN_DEPRECATED_OBJC_IMPLEMENTATIONS = YES;
				CLANG_WARN_DIRECT_OBJC_ISA_USAGE = YES_ERROR;
				CLANG_WARN_DOCUMENTATION_COMMENTS = YES;
				CLANG_WARN_EMPTY_BODY = YES;
				CLANG_WARN_ENUM_CONVERSION = YES;
				CLANG_WARN_INFINITE_RECURSION = YES;
				CLANG_WARN_INT_CONVERSION = YES;
				CLANG_WARN_NON_LITERAL_NULL_CONVERSION = YES;
				CLANG_WARN_OBJC_IMPLICIT_RETAIN_SELF = YES;
				CLANG_WARN_OBJC_LITERAL_CONVERSION = YES;
				CLANG_WARN_OBJC_ROOT_CLASS = YES_ERROR;
				CLANG_WARN_QUOTED_INCLUDE_IN_FRAMEWORK_HEADER = YES;
				CLANG_WARN_RANGE_LOOP_ANALYSIS = YES;
				CLANG_WARN_STRICT_PROTOTYPES = YES;
				CLANG_WARN_SUSPICIOUS_MOVE = YES;
				CLANG_WARN_UNGUARDED_AVAILABILITY = YES_AGGRESSIVE;
				CLANG_WARN_UNREACHABLE_CODE = YES;
				CLANG_WARN__DUPLICATE_METHOD_MATCH = YES;
				COPY_PHASE_STRIP = NO;
				DEBUG_INFORMATION_FORMAT = dwarf;
				ENABLE_STRICT_OBJC_MSGSEND = YES;
				ENABLE_TESTABILITY = YES;
				GCC_C_LANGUAGE_STANDARD = gnu11;
				GCC_DYNAMIC_NO_PIC = NO;
				GCC_NO_COMMON_BLOCKS = YES;
				GCC_OPTIMIZATION_LEVEL = 0;
				GCC_PREPROCESSOR_DEFINITIONS = (
					"DEBUG=1",
					"$(inherited)",
				);
				GCC_WARN_64_TO_32_BIT_CONVERSION = YES;
				GCC_WARN_ABOUT_RETURN_TYPE = YES_ERROR;
				GCC_WARN_UNDECLARED_SELECTOR = YES;
				GCC_WARN_UNINITIALIZED_AUTOS = YES_AGGRESSIVE;
				GCC_WARN_UNUSED_FUNCTION = YES;
				GCC_WARN_UNUSED_VARIABLE = YES;
				IPHONEOS_DEPLOYMENT_TARGET = 15.4;
				MTL_ENABLE_DEBUG_INFO = INCLUDE_SOURCE;
				MTL_FAST_MATH = YES;
				ONLY_ACTIVE_ARCH = YES;
				SDKROOT = iphoneos;
				SWIFT_ACTIVE_COMPILATION_CONDITIONS = DEBUG;
				SWIFT_OPTIMIZATION_LEVEL = "-Onone";
			};
			name = Debug;
		};
		9A8FB7EC27F0C199003EA35F /* Release */ = {
			isa = XCBuildConfiguration;
			buildSettings = {
				ALWAYS_SEARCH_USER_PATHS = NO;
				CLANG_ANALYZER_NONNULL = YES;
				CLANG_ANALYZER_NUMBER_OBJECT_CONVERSION = YES_AGGRESSIVE;
				CLANG_CXX_LANGUAGE_STANDARD = "gnu++17";
				CLANG_ENABLE_MODULES = YES;
				CLANG_ENABLE_OBJC_ARC = YES;
				CLANG_ENABLE_OBJC_WEAK = YES;
				CLANG_WARN_BLOCK_CAPTURE_AUTORELEASING = YES;
				CLANG_WARN_BOOL_CONVERSION = YES;
				CLANG_WARN_COMMA = YES;
				CLANG_WARN_CONSTANT_CONVERSION = YES;
				CLANG_WARN_DEPRECATED_OBJC_IMPLEMENTATIONS = YES;
				CLANG_WARN_DIRECT_OBJC_ISA_USAGE = YES_ERROR;
				CLANG_WARN_DOCUMENTATION_COMMENTS = YES;
				CLANG_WARN_EMPTY_BODY = YES;
				CLANG_WARN_ENUM_CONVERSION = YES;
				CLANG_WARN_INFINITE_RECURSION = YES;
				CLANG_WARN_INT_CONVERSION = YES;
				CLANG_WARN_NON_LITERAL_NULL_CONVERSION = YES;
				CLANG_WARN_OBJC_IMPLICIT_RETAIN_SELF = YES;
				CLANG_WARN_OBJC_LITERAL_CONVERSION = YES;
				CLANG_WARN_OBJC_ROOT_CLASS = YES_ERROR;
				CLANG_WARN_QUOTED_INCLUDE_IN_FRAMEWORK_HEADER = YES;
				CLANG_WARN_RANGE_LOOP_ANALYSIS = YES;
				CLANG_WARN_STRICT_PROTOTYPES = YES;
				CLANG_WARN_SUSPICIOUS_MOVE = YES;
				CLANG_WARN_UNGUARDED_AVAILABILITY = YES_AGGRESSIVE;
				CLANG_WARN_UNREACHABLE_CODE = YES;
				CLANG_WARN__DUPLICATE_METHOD_MATCH = YES;
				COPY_PHASE_STRIP = NO;
				DEBUG_INFORMATION_FORMAT = "dwarf-with-dsym";
				ENABLE_NS_ASSERTIONS = NO;
				ENABLE_STRICT_OBJC_MSGSEND = YES;
				GCC_C_LANGUAGE_STANDARD = gnu11;
				GCC_NO_COMMON_BLOCKS = YES;
				GCC_WARN_64_TO_32_BIT_CONVERSION = YES;
				GCC_WARN_ABOUT_RETURN_TYPE = YES_ERROR;
				GCC_WARN_UNDECLARED_SELECTOR = YES;
				GCC_WARN_UNINITIALIZED_AUTOS = YES_AGGRESSIVE;
				GCC_WARN_UNUSED_FUNCTION = YES;
				GCC_WARN_UNUSED_VARIABLE = YES;
				IPHONEOS_DEPLOYMENT_TARGET = 15.4;
				MTL_ENABLE_DEBUG_INFO = NO;
				MTL_FAST_MATH = YES;
				SDKROOT = iphoneos;
				SWIFT_COMPILATION_MODE = wholemodule;
				SWIFT_OPTIMIZATION_LEVEL = "-O";
				VALIDATE_PRODUCT = YES;
			};
			name = Release;
		};
		9A8FB7EE27F0C199003EA35F /* Debug */ = {
			isa = XCBuildConfiguration;
			buildSettings = {
				ASSETCATALOG_COMPILER_APPICON_NAME = AppIcon;
				ASSETCATALOG_COMPILER_GLOBAL_ACCENT_COLOR_NAME = AccentColor;
				CODE_SIGN_STYLE = Automatic;
				CURRENT_PROJECT_VERSION = 1;
				DEVELOPMENT_ASSET_PATHS = "\"Song/Preview Content\"";
				DEVELOPMENT_TEAM = 48J67Q2762;
				ENABLE_PREVIEWS = YES;
				GENERATE_INFOPLIST_FILE = YES;
				INFOPLIST_FILE = Song/Info.plist;
				INFOPLIST_KEY_UIApplicationSceneManifest_Generation = YES;
				INFOPLIST_KEY_UIApplicationSupportsIndirectInputEvents = YES;
				INFOPLIST_KEY_UILaunchScreen_Generation = YES;
				INFOPLIST_KEY_UISupportedInterfaceOrientations_iPad = "UIInterfaceOrientationPortrait UIInterfaceOrientationPortraitUpsideDown UIInterfaceOrientationLandscapeLeft UIInterfaceOrientationLandscapeRight";
				INFOPLIST_KEY_UISupportedInterfaceOrientations_iPhone = "UIInterfaceOrientationPortrait UIInterfaceOrientationLandscapeLeft UIInterfaceOrientationLandscapeRight";
				LD_RUNPATH_SEARCH_PATHS = (
					"$(inherited)",
					"@executable_path/Frameworks",
				);
				MARKETING_VERSION = 1.0;
				PRODUCT_BUNDLE_IDENTIFIER = zhuyu.project.Song;
				PRODUCT_NAME = "$(TARGET_NAME)";
				SWIFT_EMIT_LOC_STRINGS = YES;
				SWIFT_VERSION = 5.0;
				TARGETED_DEVICE_FAMILY = "1,2";
			};
			name = Debug;
		};
		9A8FB7EF27F0C199003EA35F /* Release */ = {
			isa = XCBuildConfiguration;
			buildSettings = {
				ASSETCATALOG_COMPILER_APPICON_NAME = AppIcon;
				ASSETCATALOG_COMPILER_GLOBAL_ACCENT_COLOR_NAME = AccentColor;
				CODE_SIGN_STYLE = Automatic;
				CURRENT_PROJECT_VERSION = 1;
				DEVELOPMENT_ASSET_PATHS = "\"Song/Preview Content\"";
				DEVELOPMENT_TEAM = 48J67Q2762;
				ENABLE_PREVIEWS = YES;
				GENERATE_INFOPLIST_FILE = YES;
				INFOPLIST_FILE = Song/Info.plist;
				INFOPLIST_KEY_UIApplicationSceneManifest_Generation = YES;
				INFOPLIST_KEY_UIApplicationSupportsIndirectInputEvents = YES;
				INFOPLIST_KEY_UILaunchScreen_Generation = YES;
				INFOPLIST_KEY_UISupportedInterfaceOrientations_iPad = "UIInterfaceOrientationPortrait UIInterfaceOrientationPortraitUpsideDown UIInterfaceOrientationLandscapeLeft UIInterfaceOrientationLandscapeRight";
				INFOPLIST_KEY_UISupportedInterfaceOrientations_iPhone = "UIInterfaceOrientationPortrait UIInterfaceOrientationLandscapeLeft UIInterfaceOrientationLandscapeRight";
				LD_RUNPATH_SEARCH_PATHS = (
					"$(inherited)",
					"@executable_path/Frameworks",
				);
				MARKETING_VERSION = 1.0;
				PRODUCT_BUNDLE_IDENTIFIER = zhuyu.project.Song;
				PRODUCT_NAME = "$(TARGET_NAME)";
				SWIFT_EMIT_LOC_STRINGS = YES;
				SWIFT_VERSION = 5.0;
				TARGETED_DEVICE_FAMILY = "1,2";
			};
			name = Release;
		};
/* End XCBuildConfiguration section */

/* Begin XCConfigurationList section */
		9A8FB7DA27F0C194003EA35F /* Build configuration list for PBXProject "Song" */ = {
			isa = XCConfigurationList;
			buildConfigurations = (
				9A8FB7EB27F0C199003EA35F /* Debug */,
				9A8FB7EC27F0C199003EA35F /* Release */,
			);
			defaultConfigurationIsVisible = 0;
			defaultConfigurationName = Release;
		};
		9A8FB7ED27F0C199003EA35F /* Build configuration list for PBXNativeTarget "Song" */ = {
			isa = XCConfigurationList;
			buildConfigurations = (
				9A8FB7EE27F0C199003EA35F /* Debug */,
				9A8FB7EF27F0C199003EA35F /* Release */,
			);
			defaultConfigurationIsVisible = 0;
			defaultConfigurationName = Release;
		};
/* End XCConfigurationList section */
	};
	rootObject = 9A8FB7D727F0C194003EA35F /* Project object */;
}
